// !$*UTF8*$!
{
	archiveVersion = 1;
	classes = {
	};
	objectVersion = 46;
	objects = {

/* Begin PBXBuildFile section */
		4218026EBEC7D957D2F1C549 /* Pods_AnimeAppUITests.framework in Frameworks */ = {isa = PBXBuildFile; fileRef = 8FAF64772CEB67C5964298B6 /* Pods_AnimeAppUITests.framework */; };
		5F1B6B2942529CE2CFC6A11B /* Pods_AnimeAppTests.framework in Frameworks */ = {isa = PBXBuildFile; fileRef = 1A2945036B4609187B9077FC /* Pods_AnimeAppTests.framework */; };
		74898348008696304D9295E0 /* Pods_AnimeApp.framework in Frameworks */ = {isa = PBXBuildFile; fileRef = F87142B038E31BE319391C4B /* Pods_AnimeApp.framework */; };
		9C3374751F25D2E200C93F85 /* AniListSeriesRouter.swift in Sources */ = {isa = PBXBuildFile; fileRef = 9C3374741F25D2E200C93F85 /* AniListSeriesRouter.swift */; };
		9C3374771F268BA300C93F85 /* Series.swift in Sources */ = {isa = PBXBuildFile; fileRef = 9C3374761F268BA300C93F85 /* Series.swift */; };
		9C3374791F26934000C93F85 /* Anime.swift in Sources */ = {isa = PBXBuildFile; fileRef = 9C3374781F26934000C93F85 /* Anime.swift */; };
		9C33747B1F269A6900C93F85 /* String+toDateString.swift in Sources */ = {isa = PBXBuildFile; fileRef = 9C33747A1F269A6900C93F85 /* String+toDateString.swift */; };
		9C33747F1F26A66F00C93F85 /* ImageDownloadHelper.swift in Sources */ = {isa = PBXBuildFile; fileRef = 9C33747E1F26A66F00C93F85 /* ImageDownloadHelper.swift */; };
		9C3374831F26B01A00C93F85 /* CategoryCell.swift in Sources */ = {isa = PBXBuildFile; fileRef = 9C3374821F26B01A00C93F85 /* CategoryCell.swift */; };
		9C3374851F26BF9C00C93F85 /* CollectionCell.swift in Sources */ = {isa = PBXBuildFile; fileRef = 9C3374841F26BF9C00C93F85 /* CollectionCell.swift */; };
		9C8613101F2519D000877B38 /* AuthenticationManager.swift in Sources */ = {isa = PBXBuildFile; fileRef = 9C86130F1F2519D000877B38 /* AuthenticationManager.swift */; };
		9C8613121F2544F600877B38 /* WebViewController.swift in Sources */ = {isa = PBXBuildFile; fileRef = 9C8613111F2544F600877B38 /* WebViewController.swift */; };
		9CC2EA861F23CD2F00ED92FA /* AppDelegate.swift in Sources */ = {isa = PBXBuildFile; fileRef = 9CC2EA851F23CD2F00ED92FA /* AppDelegate.swift */; };
		9CC2EA881F23CD2F00ED92FA /* HomeViewController.swift in Sources */ = {isa = PBXBuildFile; fileRef = 9CC2EA871F23CD2F00ED92FA /* HomeViewController.swift */; };
		9CC2EA8B1F23CD2F00ED92FA /* Main.storyboard in Resources */ = {isa = PBXBuildFile; fileRef = 9CC2EA891F23CD2F00ED92FA /* Main.storyboard */; };
		9CC2EA8D1F23CD2F00ED92FA /* Assets.xcassets in Resources */ = {isa = PBXBuildFile; fileRef = 9CC2EA8C1F23CD2F00ED92FA /* Assets.xcassets */; };
		9CC2EA901F23CD2F00ED92FA /* LaunchScreen.storyboard in Resources */ = {isa = PBXBuildFile; fileRef = 9CC2EA8E1F23CD2F00ED92FA /* LaunchScreen.storyboard */; };
		9CC2EA9B1F23CD3000ED92FA /* AnimeAppTests.swift in Sources */ = {isa = PBXBuildFile; fileRef = 9CC2EA9A1F23CD3000ED92FA /* AnimeAppTests.swift */; };
		9CC2EAA61F23CD3000ED92FA /* AnimeAppUITests.swift in Sources */ = {isa = PBXBuildFile; fileRef = 9CC2EAA51F23CD3000ED92FA /* AnimeAppUITests.swift */; };
		9CC2EABA1F23E1FB00ED92FA /* AnimeAPI.swift in Sources */ = {isa = PBXBuildFile; fileRef = 9CC2EAB91F23E1FB00ED92FA /* AnimeAPI.swift */; };
		9CC2EABD1F24FE5B00ED92FA /* AniListAuthenticationURL.swift in Sources */ = {isa = PBXBuildFile; fileRef = 9CC2EABC1F24FE5B00ED92FA /* AniListAuthenticationURL.swift */; };
/* End PBXBuildFile section */

/* Begin PBXContainerItemProxy section */
		9CC2EA971F23CD2F00ED92FA /* PBXContainerItemProxy */ = {
			isa = PBXContainerItemProxy;
			containerPortal = 9CC2EA7A1F23CD2F00ED92FA /* Project object */;
			proxyType = 1;
			remoteGlobalIDString = 9CC2EA811F23CD2F00ED92FA;
			remoteInfo = AnimeApp;
		};
		9CC2EAA21F23CD3000ED92FA /* PBXContainerItemProxy */ = {
			isa = PBXContainerItemProxy;
			containerPortal = 9CC2EA7A1F23CD2F00ED92FA /* Project object */;
			proxyType = 1;
			remoteGlobalIDString = 9CC2EA811F23CD2F00ED92FA;
			remoteInfo = AnimeApp;
		};
/* End PBXContainerItemProxy section */

/* Begin PBXFileReference section */
		1A2945036B4609187B9077FC /* Pods_AnimeAppTests.framework */ = {isa = PBXFileReference; explicitFileType = wrapper.framework; includeInIndex = 0; path = Pods_AnimeAppTests.framework; sourceTree = BUILT_PRODUCTS_DIR; };
		24298751F06BF739AC7F5522 /* Pods-AnimeAppTests.debug.xcconfig */ = {isa = PBXFileReference; includeInIndex = 1; lastKnownFileType = text.xcconfig; name = "Pods-AnimeAppTests.debug.xcconfig"; path = "Pods/Target Support Files/Pods-AnimeAppTests/Pods-AnimeAppTests.debug.xcconfig"; sourceTree = "<group>"; };
		48968A59014EF450AB796304 /* Pods-AnimeAppUITests.debug.xcconfig */ = {isa = PBXFileReference; includeInIndex = 1; lastKnownFileType = text.xcconfig; name = "Pods-AnimeAppUITests.debug.xcconfig"; path = "Pods/Target Support Files/Pods-AnimeAppUITests/Pods-AnimeAppUITests.debug.xcconfig"; sourceTree = "<group>"; };
		62D10BC5C35D99666EF88129 /* Pods-AnimeAppTests.release.xcconfig */ = {isa = PBXFileReference; includeInIndex = 1; lastKnownFileType = text.xcconfig; name = "Pods-AnimeAppTests.release.xcconfig"; path = "Pods/Target Support Files/Pods-AnimeAppTests/Pods-AnimeAppTests.release.xcconfig"; sourceTree = "<group>"; };
		6BEAA7F4D3F9C0E26F5D8925 /* Pods-AnimeApp.release.xcconfig */ = {isa = PBXFileReference; includeInIndex = 1; lastKnownFileType = text.xcconfig; name = "Pods-AnimeApp.release.xcconfig"; path = "Pods/Target Support Files/Pods-AnimeApp/Pods-AnimeApp.release.xcconfig"; sourceTree = "<group>"; };
		7D8112C8862C899D7FB3347B /* Pods-AnimeAppUITests.release.xcconfig */ = {isa = PBXFileReference; includeInIndex = 1; lastKnownFileType = text.xcconfig; name = "Pods-AnimeAppUITests.release.xcconfig"; path = "Pods/Target Support Files/Pods-AnimeAppUITests/Pods-AnimeAppUITests.release.xcconfig"; sourceTree = "<group>"; };
		8FAF64772CEB67C5964298B6 /* Pods_AnimeAppUITests.framework */ = {isa = PBXFileReference; explicitFileType = wrapper.framework; includeInIndex = 0; path = Pods_AnimeAppUITests.framework; sourceTree = BUILT_PRODUCTS_DIR; };
		99C9F7246F6ECBDAB1BB36DE /* Pods-AnimeApp.debug.xcconfig */ = {isa = PBXFileReference; includeInIndex = 1; lastKnownFileType = text.xcconfig; name = "Pods-AnimeApp.debug.xcconfig"; path = "Pods/Target Support Files/Pods-AnimeApp/Pods-AnimeApp.debug.xcconfig"; sourceTree = "<group>"; };
		9C3374741F25D2E200C93F85 /* AniListSeriesRouter.swift */ = {isa = PBXFileReference; fileEncoding = 4; lastKnownFileType = sourcecode.swift; path = AniListSeriesRouter.swift; sourceTree = "<group>"; };
		9C3374761F268BA300C93F85 /* Series.swift */ = {isa = PBXFileReference; fileEncoding = 4; lastKnownFileType = sourcecode.swift; path = Series.swift; sourceTree = "<group>"; };
		9C3374781F26934000C93F85 /* Anime.swift */ = {isa = PBXFileReference; fileEncoding = 4; lastKnownFileType = sourcecode.swift; path = Anime.swift; sourceTree = "<group>"; };
		9C33747A1F269A6900C93F85 /* String+toDateString.swift */ = {isa = PBXFileReference; fileEncoding = 4; lastKnownFileType = sourcecode.swift; path = "String+toDateString.swift"; sourceTree = "<group>"; };
		9C33747E1F26A66F00C93F85 /* ImageDownloadHelper.swift */ = {isa = PBXFileReference; fileEncoding = 4; lastKnownFileType = sourcecode.swift; path = ImageDownloadHelper.swift; sourceTree = "<group>"; };
		9C3374821F26B01A00C93F85 /* CategoryCell.swift */ = {isa = PBXFileReference; fileEncoding = 4; lastKnownFileType = sourcecode.swift; path = CategoryCell.swift; sourceTree = "<group>"; };
		9C3374841F26BF9C00C93F85 /* CollectionCell.swift */ = {isa = PBXFileReference; fileEncoding = 4; lastKnownFileType = sourcecode.swift; path = CollectionCell.swift; sourceTree = "<group>"; };
		9C86130F1F2519D000877B38 /* AuthenticationManager.swift */ = {isa = PBXFileReference; fileEncoding = 4; lastKnownFileType = sourcecode.swift; path = AuthenticationManager.swift; sourceTree = "<group>"; };
		9C8613111F2544F600877B38 /* WebViewController.swift */ = {isa = PBXFileReference; fileEncoding = 4; lastKnownFileType = sourcecode.swift; path = WebViewController.swift; sourceTree = "<group>"; };
		9CC2EA821F23CD2F00ED92FA /* AnimeApp.app */ = {isa = PBXFileReference; explicitFileType = wrapper.application; includeInIndex = 0; path = AnimeApp.app; sourceTree = BUILT_PRODUCTS_DIR; };
		9CC2EA851F23CD2F00ED92FA /* AppDelegate.swift */ = {isa = PBXFileReference; lastKnownFileType = sourcecode.swift; path = AppDelegate.swift; sourceTree = "<group>"; };
		9CC2EA871F23CD2F00ED92FA /* HomeViewController.swift */ = {isa = PBXFileReference; lastKnownFileType = sourcecode.swift; path = HomeViewController.swift; sourceTree = "<group>"; };
		9CC2EA8A1F23CD2F00ED92FA /* Base */ = {isa = PBXFileReference; lastKnownFileType = file.storyboard; name = Base; path = Base.lproj/Main.storyboard; sourceTree = "<group>"; };
		9CC2EA8C1F23CD2F00ED92FA /* Assets.xcassets */ = {isa = PBXFileReference; lastKnownFileType = folder.assetcatalog; path = Assets.xcassets; sourceTree = "<group>"; };
		9CC2EA8F1F23CD2F00ED92FA /* Base */ = {isa = PBXFileReference; lastKnownFileType = file.storyboard; name = Base; path = Base.lproj/LaunchScreen.storyboard; sourceTree = "<group>"; };
		9CC2EA911F23CD2F00ED92FA /* Info.plist */ = {isa = PBXFileReference; lastKnownFileType = text.plist.xml; path = Info.plist; sourceTree = "<group>"; };
		9CC2EA961F23CD2F00ED92FA /* AnimeAppTests.xctest */ = {isa = PBXFileReference; explicitFileType = wrapper.cfbundle; includeInIndex = 0; path = AnimeAppTests.xctest; sourceTree = BUILT_PRODUCTS_DIR; };
		9CC2EA9A1F23CD3000ED92FA /* AnimeAppTests.swift */ = {isa = PBXFileReference; lastKnownFileType = sourcecode.swift; path = AnimeAppTests.swift; sourceTree = "<group>"; };
		9CC2EA9C1F23CD3000ED92FA /* Info.plist */ = {isa = PBXFileReference; lastKnownFileType = text.plist.xml; path = Info.plist; sourceTree = "<group>"; };
		9CC2EAA11F23CD3000ED92FA /* AnimeAppUITests.xctest */ = {isa = PBXFileReference; explicitFileType = wrapper.cfbundle; includeInIndex = 0; path = AnimeAppUITests.xctest; sourceTree = BUILT_PRODUCTS_DIR; };
		9CC2EAA51F23CD3000ED92FA /* AnimeAppUITests.swift */ = {isa = PBXFileReference; lastKnownFileType = sourcecode.swift; path = AnimeAppUITests.swift; sourceTree = "<group>"; };
		9CC2EAA71F23CD3000ED92FA /* Info.plist */ = {isa = PBXFileReference; lastKnownFileType = text.plist.xml; path = Info.plist; sourceTree = "<group>"; };
		9CC2EAB91F23E1FB00ED92FA /* AnimeAPI.swift */ = {isa = PBXFileReference; fileEncoding = 4; lastKnownFileType = sourcecode.swift; path = AnimeAPI.swift; sourceTree = "<group>"; };
		9CC2EABC1F24FE5B00ED92FA /* AniListAuthenticationURL.swift */ = {isa = PBXFileReference; fileEncoding = 4; lastKnownFileType = sourcecode.swift; path = AniListAuthenticationURL.swift; sourceTree = "<group>"; };
		F87142B038E31BE319391C4B /* Pods_AnimeApp.framework */ = {isa = PBXFileReference; explicitFileType = wrapper.framework; includeInIndex = 0; path = Pods_AnimeApp.framework; sourceTree = BUILT_PRODUCTS_DIR; };
/* End PBXFileReference section */

/* Begin PBXFrameworksBuildPhase section */
		9CC2EA7F1F23CD2F00ED92FA /* Frameworks */ = {
			isa = PBXFrameworksBuildPhase;
			buildActionMask = 2147483647;
			files = (
				74898348008696304D9295E0 /* Pods_AnimeApp.framework in Frameworks */,
			);
			runOnlyForDeploymentPostprocessing = 0;
		};
		9CC2EA931F23CD2F00ED92FA /* Frameworks */ = {
			isa = PBXFrameworksBuildPhase;
			buildActionMask = 2147483647;
			files = (
				5F1B6B2942529CE2CFC6A11B /* Pods_AnimeAppTests.framework in Frameworks */,
			);
			runOnlyForDeploymentPostprocessing = 0;
		};
		9CC2EA9E1F23CD3000ED92FA /* Frameworks */ = {
			isa = PBXFrameworksBuildPhase;
			buildActionMask = 2147483647;
			files = (
				4218026EBEC7D957D2F1C549 /* Pods_AnimeAppUITests.framework in Frameworks */,
			);
			runOnlyForDeploymentPostprocessing = 0;
		};
/* End PBXFrameworksBuildPhase section */

/* Begin PBXGroup section */
		48B3A3CE8E3E0A117163A2CE /* Frameworks */ = {
			isa = PBXGroup;
			children = (
				F87142B038E31BE319391C4B /* Pods_AnimeApp.framework */,
				1A2945036B4609187B9077FC /* Pods_AnimeAppTests.framework */,
				8FAF64772CEB67C5964298B6 /* Pods_AnimeAppUITests.framework */,
			);
			name = Frameworks;
			sourceTree = "<group>";
		};
		6AF33CFC89A9C7150F4CFD4F /* Pods */ = {
			isa = PBXGroup;
			children = (
				99C9F7246F6ECBDAB1BB36DE /* Pods-AnimeApp.debug.xcconfig */,
				6BEAA7F4D3F9C0E26F5D8925 /* Pods-AnimeApp.release.xcconfig */,
				24298751F06BF739AC7F5522 /* Pods-AnimeAppTests.debug.xcconfig */,
				62D10BC5C35D99666EF88129 /* Pods-AnimeAppTests.release.xcconfig */,
				48968A59014EF450AB796304 /* Pods-AnimeAppUITests.debug.xcconfig */,
				7D8112C8862C899D7FB3347B /* Pods-AnimeAppUITests.release.xcconfig */,
			);
			name = Pods;
			sourceTree = "<group>";
		};
		9C33747C1F26A61400C93F85 /* Extensions */ = {
			isa = PBXGroup;
			children = (
				9C33747A1F269A6900C93F85 /* String+toDateString.swift */,
			);
			name = Extensions;
			sourceTree = "<group>";
		};
		9C33747D1F26A62300C93F85 /* Helpers */ = {
			isa = PBXGroup;
			children = (
				9C33747E1F26A66F00C93F85 /* ImageDownloadHelper.swift */,
			);
			name = Helpers;
			sourceTree = "<group>";
		};
		9C3374801F26AFE900C93F85 /* Components */ = {
			isa = PBXGroup;
			children = (
				9C3374811F26AFF300C93F85 /* Cells */,
			);
			name = Components;
			sourceTree = "<group>";
		};
		9C3374811F26AFF300C93F85 /* Cells */ = {
			isa = PBXGroup;
			children = (
				9C3374821F26B01A00C93F85 /* CategoryCell.swift */,
				9C3374841F26BF9C00C93F85 /* CollectionCell.swift */,
			);
			name = Cells;
			sourceTree = "<group>";
		};
		9CC2EA791F23CD2F00ED92FA = {
			isa = PBXGroup;
			children = (
				9CC2EA841F23CD2F00ED92FA /* AnimeApp */,
				9CC2EA991F23CD2F00ED92FA /* AnimeAppTests */,
				9CC2EAA41F23CD3000ED92FA /* AnimeAppUITests */,
				9CC2EA831F23CD2F00ED92FA /* Products */,
				6AF33CFC89A9C7150F4CFD4F /* Pods */,
				48B3A3CE8E3E0A117163A2CE /* Frameworks */,
			);
			sourceTree = "<group>";
		};
		9CC2EA831F23CD2F00ED92FA /* Products */ = {
			isa = PBXGroup;
			children = (
				9CC2EA821F23CD2F00ED92FA /* AnimeApp.app */,
				9CC2EA961F23CD2F00ED92FA /* AnimeAppTests.xctest */,
				9CC2EAA11F23CD3000ED92FA /* AnimeAppUITests.xctest */,
			);
			name = Products;
			sourceTree = "<group>";
		};
		9CC2EA841F23CD2F00ED92FA /* AnimeApp */ = {
			isa = PBXGroup;
			children = (
				9CC2EA851F23CD2F00ED92FA /* AppDelegate.swift */,
				9CC2EAB81F23CE5E00ED92FA /* Assets */,
				9CC2EAB51F23CE0200ED92FA /* Managers */,
				9CC2EAB31F23CDE700ED92FA /* Models */,
				9CC2EAB61F23CE1A00ED92FA /* Services */,
				9CC2EAB71F23CE3500ED92FA /* Utils */,
				9CC2EAB41F23CDF200ED92FA /* Views */,
				9CC2EA911F23CD2F00ED92FA /* Info.plist */,
			);
			path = AnimeApp;
			sourceTree = "<group>";
		};
		9CC2EA991F23CD2F00ED92FA /* AnimeAppTests */ = {
			isa = PBXGroup;
			children = (
				9CC2EA9A1F23CD3000ED92FA /* AnimeAppTests.swift */,
				9CC2EA9C1F23CD3000ED92FA /* Info.plist */,
			);
			path = AnimeAppTests;
			sourceTree = "<group>";
		};
		9CC2EAA41F23CD3000ED92FA /* AnimeAppUITests */ = {
			isa = PBXGroup;
			children = (
				9CC2EAA51F23CD3000ED92FA /* AnimeAppUITests.swift */,
				9CC2EAA71F23CD3000ED92FA /* Info.plist */,
			);
			path = AnimeAppUITests;
			sourceTree = "<group>";
		};
		9CC2EAB31F23CDE700ED92FA /* Models */ = {
			isa = PBXGroup;
			children = (
				9C3374761F268BA300C93F85 /* Series.swift */,
				9C3374781F26934000C93F85 /* Anime.swift */,
			);
			name = Models;
			sourceTree = "<group>";
		};
		9CC2EAB41F23CDF200ED92FA /* Views */ = {
			isa = PBXGroup;
			children = (
				9C3374801F26AFE900C93F85 /* Components */,
				9CC2EA871F23CD2F00ED92FA /* HomeViewController.swift */,
				9C8613111F2544F600877B38 /* WebViewController.swift */,
			);
			name = Views;
			sourceTree = "<group>";
		};
		9CC2EAB51F23CE0200ED92FA /* Managers */ = {
			isa = PBXGroup;
			children = (
			);
			name = Managers;
			sourceTree = "<group>";
		};
		9CC2EAB61F23CE1A00ED92FA /* Services */ = {
			isa = PBXGroup;
			children = (
				9CC2EAB91F23E1FB00ED92FA /* AnimeAPI.swift */,
				9C86130F1F2519D000877B38 /* AuthenticationManager.swift */,
				9CC2EABB1F24FE1700ED92FA /* Routers */,
			);
			name = Services;
			sourceTree = "<group>";
		};
		9CC2EAB71F23CE3500ED92FA /* Utils */ = {
			isa = PBXGroup;
			children = (
				9C33747D1F26A62300C93F85 /* Helpers */,
				9C33747C1F26A61400C93F85 /* Extensions */,
			);
			name = Utils;
			sourceTree = "<group>";
		};
		9CC2EAB81F23CE5E00ED92FA /* Assets */ = {
			isa = PBXGroup;
			children = (
				9CC2EA891F23CD2F00ED92FA /* Main.storyboard */,
				9CC2EA8E1F23CD2F00ED92FA /* LaunchScreen.storyboard */,
				9CC2EA8C1F23CD2F00ED92FA /* Assets.xcassets */,
			);
			name = Assets;
			sourceTree = "<group>";
		};
		9CC2EABB1F24FE1700ED92FA /* Routers */ = {
			isa = PBXGroup;
			children = (
				9CC2EABC1F24FE5B00ED92FA /* AniListAuthenticationURL.swift */,
				9C3374741F25D2E200C93F85 /* AniListSeriesRouter.swift */,
			);
			name = Routers;
			sourceTree = "<group>";
		};
/* End PBXGroup section */

/* Begin PBXNativeTarget section */
		9CC2EA811F23CD2F00ED92FA /* AnimeApp */ = {
			isa = PBXNativeTarget;
			buildConfigurationList = 9CC2EAAA1F23CD3000ED92FA /* Build configuration list for PBXNativeTarget "AnimeApp" */;
			buildPhases = (
				2D1551909271D0C15B35B3DB /* [CP] Check Pods Manifest.lock */,
				9CC2EA7E1F23CD2F00ED92FA /* Sources */,
				9CC2EA7F1F23CD2F00ED92FA /* Frameworks */,
				9CC2EA801F23CD2F00ED92FA /* Resources */,
				FFED0A684535498D5AFA8111 /* [CP] Embed Pods Frameworks */,
				75689CE08439F68B59852B26 /* [CP] Copy Pods Resources */,
			);
			buildRules = (
			);
			dependencies = (
			);
			name = AnimeApp;
			productName = AnimeApp;
			productReference = 9CC2EA821F23CD2F00ED92FA /* AnimeApp.app */;
			productType = "com.apple.product-type.application";
		};
		9CC2EA951F23CD2F00ED92FA /* AnimeAppTests */ = {
			isa = PBXNativeTarget;
			buildConfigurationList = 9CC2EAAD1F23CD3000ED92FA /* Build configuration list for PBXNativeTarget "AnimeAppTests" */;
			buildPhases = (
				5B723249D4E4D4050D310007 /* [CP] Check Pods Manifest.lock */,
				9CC2EA921F23CD2F00ED92FA /* Sources */,
				9CC2EA931F23CD2F00ED92FA /* Frameworks */,
				9CC2EA941F23CD2F00ED92FA /* Resources */,
				266746EF4C56B7692E22953E /* [CP] Embed Pods Frameworks */,
				C767F8E12CA9669794580329 /* [CP] Copy Pods Resources */,
			);
			buildRules = (
			);
			dependencies = (
				9CC2EA981F23CD2F00ED92FA /* PBXTargetDependency */,
			);
			name = AnimeAppTests;
			productName = AnimeAppTests;
			productReference = 9CC2EA961F23CD2F00ED92FA /* AnimeAppTests.xctest */;
			productType = "com.apple.product-type.bundle.unit-test";
		};
		9CC2EAA01F23CD3000ED92FA /* AnimeAppUITests */ = {
			isa = PBXNativeTarget;
			buildConfigurationList = 9CC2EAB01F23CD3000ED92FA /* Build configuration list for PBXNativeTarget "AnimeAppUITests" */;
			buildPhases = (
				31142312DCA87398F5DE675A /* [CP] Check Pods Manifest.lock */,
				9CC2EA9D1F23CD3000ED92FA /* Sources */,
				9CC2EA9E1F23CD3000ED92FA /* Frameworks */,
				9CC2EA9F1F23CD3000ED92FA /* Resources */,
				38F894593402CE301E78BBB8 /* [CP] Embed Pods Frameworks */,
				B51BEEA3838001EF412A2118 /* [CP] Copy Pods Resources */,
			);
			buildRules = (
			);
			dependencies = (
				9CC2EAA31F23CD3000ED92FA /* PBXTargetDependency */,
			);
			name = AnimeAppUITests;
			productName = AnimeAppUITests;
			productReference = 9CC2EAA11F23CD3000ED92FA /* AnimeAppUITests.xctest */;
			productType = "com.apple.product-type.bundle.ui-testing";
		};
/* End PBXNativeTarget section */

/* Begin PBXProject section */
		9CC2EA7A1F23CD2F00ED92FA /* Project object */ = {
			isa = PBXProject;
			attributes = {
				LastSwiftUpdateCheck = 0830;
				LastUpgradeCheck = 0830;
				ORGANIZATIONNAME = "Antonio  Hernandez ";
				TargetAttributes = {
					9CC2EA811F23CD2F00ED92FA = {
						CreatedOnToolsVersion = 8.3.3;
						DevelopmentTeam = H9SZPBU2NR;
						ProvisioningStyle = Automatic;
					};
					9CC2EA951F23CD2F00ED92FA = {
						CreatedOnToolsVersion = 8.3.3;
						DevelopmentTeam = H9SZPBU2NR;
						ProvisioningStyle = Automatic;
						TestTargetID = 9CC2EA811F23CD2F00ED92FA;
					};
					9CC2EAA01F23CD3000ED92FA = {
						CreatedOnToolsVersion = 8.3.3;
						DevelopmentTeam = H9SZPBU2NR;
						ProvisioningStyle = Automatic;
						TestTargetID = 9CC2EA811F23CD2F00ED92FA;
					};
				};
			};
			buildConfigurationList = 9CC2EA7D1F23CD2F00ED92FA /* Build configuration list for PBXProject "AnimeApp" */;
			compatibilityVersion = "Xcode 3.2";
			developmentRegion = English;
			hasScannedForEncodings = 0;
			knownRegions = (
				en,
				Base,
			);
			mainGroup = 9CC2EA791F23CD2F00ED92FA;
			productRefGroup = 9CC2EA831F23CD2F00ED92FA /* Products */;
			projectDirPath = "";
			projectRoot = "";
			targets = (
				9CC2EA811F23CD2F00ED92FA /* AnimeApp */,
				9CC2EA951F23CD2F00ED92FA /* AnimeAppTests */,
				9CC2EAA01F23CD3000ED92FA /* AnimeAppUITests */,
			);
		};
/* End PBXProject section */

/* Begin PBXResourcesBuildPhase section */
		9CC2EA801F23CD2F00ED92FA /* Resources */ = {
			isa = PBXResourcesBuildPhase;
			buildActionMask = 2147483647;
			files = (
				9CC2EA901F23CD2F00ED92FA /* LaunchScreen.storyboard in Resources */,
				9CC2EA8D1F23CD2F00ED92FA /* Assets.xcassets in Resources */,
				9CC2EA8B1F23CD2F00ED92FA /* Main.storyboard in Resources */,
			);
			runOnlyForDeploymentPostprocessing = 0;
		};
		9CC2EA941F23CD2F00ED92FA /* Resources */ = {
			isa = PBXResourcesBuildPhase;
			buildActionMask = 2147483647;
			files = (
			);
			runOnlyForDeploymentPostprocessing = 0;
		};
		9CC2EA9F1F23CD3000ED92FA /* Resources */ = {
			isa = PBXResourcesBuildPhase;
			buildActionMask = 2147483647;
			files = (
			);
			runOnlyForDeploymentPostprocessing = 0;
		};
/* End PBXResourcesBuildPhase section */

/* Begin PBXShellScriptBuildPhase section */
		266746EF4C56B7692E22953E /* [CP] Embed Pods Frameworks */ = {
			isa = PBXShellScriptBuildPhase;
			buildActionMask = 2147483647;
			files = (
			);
			inputPaths = (
			);
			name = "[CP] Embed Pods Frameworks";
			outputPaths = (
			);
			runOnlyForDeploymentPostprocessing = 0;
			shellPath = /bin/sh;
			shellScript = "\"${SRCROOT}/Pods/Target Support Files/Pods-AnimeAppTests/Pods-AnimeAppTests-frameworks.sh\"\n";
			showEnvVarsInLog = 0;
		};
		2D1551909271D0C15B35B3DB /* [CP] Check Pods Manifest.lock */ = {
			isa = PBXShellScriptBuildPhase;
			buildActionMask = 2147483647;
			files = (
			);
			inputPaths = (
			);
			name = "[CP] Check Pods Manifest.lock";
			outputPaths = (
			);
			runOnlyForDeploymentPostprocessing = 0;
			shellPath = /bin/sh;
			shellScript = "diff \"${PODS_PODFILE_DIR_PATH}/Podfile.lock\" \"${PODS_ROOT}/Manifest.lock\" > /dev/null\nif [ $? != 0 ] ; then\n    # print error to STDERR\n    echo \"error: The sandbox is not in sync with the Podfile.lock. Run 'pod install' or update your CocoaPods installation.\" >&2\n    exit 1\nfi\n";
			showEnvVarsInLog = 0;
		};
		31142312DCA87398F5DE675A /* [CP] Check Pods Manifest.lock */ = {
			isa = PBXShellScriptBuildPhase;
			buildActionMask = 2147483647;
			files = (
			);
			inputPaths = (
			);
			name = "[CP] Check Pods Manifest.lock";
			outputPaths = (
			);
			runOnlyForDeploymentPostprocessing = 0;
			shellPath = /bin/sh;
			shellScript = "diff \"${PODS_PODFILE_DIR_PATH}/Podfile.lock\" \"${PODS_ROOT}/Manifest.lock\" > /dev/null\nif [ $? != 0 ] ; then\n    # print error to STDERR\n    echo \"error: The sandbox is not in sync with the Podfile.lock. Run 'pod install' or update your CocoaPods installation.\" >&2\n    exit 1\nfi\n";
			showEnvVarsInLog = 0;
		};
		38F894593402CE301E78BBB8 /* [CP] Embed Pods Frameworks */ = {
			isa = PBXShellScriptBuildPhase;
			buildActionMask = 2147483647;
			files = (
			);
			inputPaths = (
			);
			name = "[CP] Embed Pods Frameworks";
			outputPaths = (
			);
			runOnlyForDeploymentPostprocessing = 0;
			shellPath = /bin/sh;
			shellScript = "\"${SRCROOT}/Pods/Target Support Files/Pods-AnimeAppUITests/Pods-AnimeAppUITests-frameworks.sh\"\n";
			showEnvVarsInLog = 0;
		};
		5B723249D4E4D4050D310007 /* [CP] Check Pods Manifest.lock */ = {
			isa = PBXShellScriptBuildPhase;
			buildActionMask = 2147483647;
			files = (
			);
			inputPaths = (
			);
			name = "[CP] Check Pods Manifest.lock";
			outputPaths = (
			);
			runOnlyForDeploymentPostprocessing = 0;
			shellPath = /bin/sh;
			shellScript = "diff \"${PODS_PODFILE_DIR_PATH}/Podfile.lock\" \"${PODS_ROOT}/Manifest.lock\" > /dev/null\nif [ $? != 0 ] ; then\n    # print error to STDERR\n    echo \"error: The sandbox is not in sync with the Podfile.lock. Run 'pod install' or update your CocoaPods installation.\" >&2\n    exit 1\nfi\n";
			showEnvVarsInLog = 0;
		};
		75689CE08439F68B59852B26 /* [CP] Copy Pods Resources */ = {
			isa = PBXShellScriptBuildPhase;
			buildActionMask = 2147483647;
			files = (
			);
			inputPaths = (
			);
			name = "[CP] Copy Pods Resources";
			outputPaths = (
			);
			runOnlyForDeploymentPostprocessing = 0;
			shellPath = /bin/sh;
			shellScript = "\"${SRCROOT}/Pods/Target Support Files/Pods-AnimeApp/Pods-AnimeApp-resources.sh\"\n";
			showEnvVarsInLog = 0;
		};
		B51BEEA3838001EF412A2118 /* [CP] Copy Pods Resources */ = {
			isa = PBXShellScriptBuildPhase;
			buildActionMask = 2147483647;
			files = (
			);
			inputPaths = (
			);
			name = "[CP] Copy Pods Resources";
			outputPaths = (
			);
			runOnlyForDeploymentPostprocessing = 0;
			shellPath = /bin/sh;
			shellScript = "\"${SRCROOT}/Pods/Target Support Files/Pods-AnimeAppUITests/Pods-AnimeAppUITests-resources.sh\"\n";
			showEnvVarsInLog = 0;
		};
		C767F8E12CA9669794580329 /* [CP] Copy Pods Resources */ = {
			isa = PBXShellScriptBuildPhase;
			buildActionMask = 2147483647;
			files = (
			);
			inputPaths = (
			);
			name = "[CP] Copy Pods Resources";
			outputPaths = (
			);
			runOnlyForDeploymentPostprocessing = 0;
			shellPath = /bin/sh;
			shellScript = "\"${SRCROOT}/Pods/Target Support Files/Pods-AnimeAppTests/Pods-AnimeAppTests-resources.sh\"\n";
			showEnvVarsInLog = 0;
		};
		FFED0A684535498D5AFA8111 /* [CP] Embed Pods Frameworks */ = {
			isa = PBXShellScriptBuildPhase;
			buildActionMask = 2147483647;
			files = (
			);
			inputPaths = (
			);
			name = "[CP] Embed Pods Frameworks";
			outputPaths = (
			);
			runOnlyForDeploymentPostprocessing = 0;
			shellPath = /bin/sh;
			shellScript = "\"${SRCROOT}/Pods/Target Support Files/Pods-AnimeApp/Pods-AnimeApp-frameworks.sh\"\n";
			showEnvVarsInLog = 0;
		};
/* End PBXShellScriptBuildPhase section */

/* Begin PBXSourcesBuildPhase section */
		9CC2EA7E1F23CD2F00ED92FA /* Sources */ = {
			isa = PBXSourcesBuildPhase;
			buildActionMask = 2147483647;
			files = (
				9C3374771F268BA300C93F85 /* Series.swift in Sources */,
				9C33747F1F26A66F00C93F85 /* ImageDownloadHelper.swift in Sources */,
				9C3374851F26BF9C00C93F85 /* CollectionCell.swift in Sources */,
				9C3374751F25D2E200C93F85 /* AniListSeriesRouter.swift in Sources */,
				9CC2EA881F23CD2F00ED92FA /* HomeViewController.swift in Sources */,
				9C8613121F2544F600877B38 /* WebViewController.swift in Sources */,
				9C33747B1F269A6900C93F85 /* String+toDateString.swift in Sources */,
				9CC2EA861F23CD2F00ED92FA /* AppDelegate.swift in Sources */,
				9CC2EABA1F23E1FB00ED92FA /* AnimeAPI.swift in Sources */,
				9C8613101F2519D000877B38 /* AuthenticationManager.swift in Sources */,
				9CC2EABD1F24FE5B00ED92FA /* AniListAuthenticationURL.swift in Sources */,
				9C3374791F26934000C93F85 /* Anime.swift in Sources */,
				9C3374831F26B01A00C93F85 /* CategoryCell.swift in Sources */,
			);
			runOnlyForDeploymentPostprocessing = 0;
		};
		9CC2EA921F23CD2F00ED92FA /* Sources */ = {
			isa = PBXSourcesBuildPhase;
			buildActionMask = 2147483647;
			files = (
				9CC2EA9B1F23CD3000ED92FA /* AnimeAppTests.swift in Sources */,
			);
			runOnlyForDeploymentPostprocessing = 0;
		};
		9CC2EA9D1F23CD3000ED92FA /* Sources */ = {
			isa = PBXSourcesBuildPhase;
			buildActionMask = 2147483647;
			files = (
				9CC2EAA61F23CD3000ED92FA /* AnimeAppUITests.swift in Sources */,
			);
			runOnlyForDeploymentPostprocessing = 0;
		};
/* End PBXSourcesBuildPhase section */

/* Begin PBXTargetDependency section */
		9CC2EA981F23CD2F00ED92FA /* PBXTargetDependency */ = {
			isa = PBXTargetDependency;
			target = 9CC2EA811F23CD2F00ED92FA /* AnimeApp */;
			targetProxy = 9CC2EA971F23CD2F00ED92FA /* PBXContainerItemProxy */;
		};
		9CC2EAA31F23CD3000ED92FA /* PBXTargetDependency */ = {
			isa = PBXTargetDependency;
			target = 9CC2EA811F23CD2F00ED92FA /* AnimeApp */;
			targetProxy = 9CC2EAA21F23CD3000ED92FA /* PBXContainerItemProxy */;
		};
/* End PBXTargetDependency section */

/* Begin PBXVariantGroup section */
		9CC2EA891F23CD2F00ED92FA /* Main.storyboard */ = {
			isa = PBXVariantGroup;
			children = (
				9CC2EA8A1F23CD2F00ED92FA /* Base */,
			);
			name = Main.storyboard;
			sourceTree = "<group>";
		};
		9CC2EA8E1F23CD2F00ED92FA /* LaunchScreen.storyboard */ = {
			isa = PBXVariantGroup;
			children = (
				9CC2EA8F1F23CD2F00ED92FA /* Base */,
			);
			name = LaunchScreen.storyboard;
			sourceTree = "<group>";
		};
/* End PBXVariantGroup section */

/* Begin XCBuildConfiguration section */
		9CC2EAA81F23CD3000ED92FA /* Debug */ = {
			isa = XCBuildConfiguration;
			buildSettings = {
				ALWAYS_SEARCH_USER_PATHS = NO;
				CLANG_ANALYZER_NONNULL = YES;
				CLANG_ANALYZER_NUMBER_OBJECT_CONVERSION = YES_AGGRESSIVE;
				CLANG_CXX_LANGUAGE_STANDARD = "gnu++0x";
				CLANG_CXX_LIBRARY = "libc++";
				CLANG_ENABLE_MODULES = YES;
				CLANG_ENABLE_OBJC_ARC = YES;
				CLANG_WARN_BOOL_CONVERSION = YES;
				CLANG_WARN_CONSTANT_CONVERSION = YES;
				CLANG_WARN_DIRECT_OBJC_ISA_USAGE = YES_ERROR;
				CLANG_WARN_DOCUMENTATION_COMMENTS = YES;
				CLANG_WARN_EMPTY_BODY = YES;
				CLANG_WARN_ENUM_CONVERSION = YES;
				CLANG_WARN_INFINITE_RECURSION = YES;
				CLANG_WARN_INT_CONVERSION = YES;
				CLANG_WARN_OBJC_ROOT_CLASS = YES_ERROR;
				CLANG_WARN_SUSPICIOUS_MOVE = YES;
				CLANG_WARN_UNREACHABLE_CODE = YES;
				CLANG_WARN__DUPLICATE_METHOD_MATCH = YES;
				"CODE_SIGN_IDENTITY[sdk=iphoneos*]" = "iPhone Developer";
				COPY_PHASE_STRIP = NO;
				DEBUG_INFORMATION_FORMAT = dwarf;
				ENABLE_STRICT_OBJC_MSGSEND = YES;
				ENABLE_TESTABILITY = YES;
				GCC_C_LANGUAGE_STANDARD = gnu99;
				GCC_DYNAMIC_NO_PIC = NO;
				GCC_NO_COMMON_BLOCKS = YES;
				GCC_OPTIMIZATION_LEVEL = 0;
				GCC_PREPROCESSOR_DEFINITIONS = (
					"DEBUG=1",
					"$(inherited)",
				);
				GCC_WARN_64_TO_32_BIT_CONVERSION = YES;
				GCC_WARN_ABOUT_RETURN_TYPE = YES_ERROR;
				GCC_WARN_UNDECLARED_SELECTOR = YES;
				GCC_WARN_UNINITIALIZED_AUTOS = YES_AGGRESSIVE;
				GCC_WARN_UNUSED_FUNCTION = YES;
				GCC_WARN_UNUSED_VARIABLE = YES;
				IPHONEOS_DEPLOYMENT_TARGET = 10.3;
				MTL_ENABLE_DEBUG_INFO = YES;
				ONLY_ACTIVE_ARCH = YES;
				SDKROOT = iphoneos;
				SWIFT_ACTIVE_COMPILATION_CONDITIONS = DEBUG;
				SWIFT_OPTIMIZATION_LEVEL = "-Onone";
				TARGETED_DEVICE_FAMILY = "1,2";
			};
			name = Debug;
		};
		9CC2EAA91F23CD3000ED92FA /* Release */ = {
			isa = XCBuildConfiguration;
			buildSettings = {
				ALWAYS_SEARCH_USER_PATHS = NO;
				CLANG_ANALYZER_NONNULL = YES;
				CLANG_ANALYZER_NUMBER_OBJECT_CONVERSION = YES_AGGRESSIVE;
				CLANG_CXX_LANGUAGE_STANDARD = "gnu++0x";
				CLANG_CXX_LIBRARY = "libc++";
				CLANG_ENABLE_MODULES = YES;
				CLANG_ENABLE_OBJC_ARC = YES;
				CLANG_WARN_BOOL_CONVERSION = YES;
				CLANG_WARN_CONSTANT_CONVERSION = YES;
				CLANG_WARN_DIRECT_OBJC_ISA_USAGE = YES_ERROR;
				CLANG_WARN_DOCUMENTATION_COMMENTS = YES;
				CLANG_WARN_EMPTY_BODY = YES;
				CLANG_WARN_ENUM_CONVERSION = YES;
				CLANG_WARN_INFINITE_RECURSION = YES;
				CLANG_WARN_INT_CONVERSION = YES;
				CLANG_WARN_OBJC_ROOT_CLASS = YES_ERROR;
				CLANG_WARN_SUSPICIOUS_MOVE = YES;
				CLANG_WARN_UNREACHABLE_CODE = YES;
				CLANG_WARN__DUPLICATE_METHOD_MATCH = YES;
				"CODE_SIGN_IDENTITY[sdk=iphoneos*]" = "iPhone Developer";
				COPY_PHASE_STRIP = NO;
				DEBUG_INFORMATION_FORMAT = "dwarf-with-dsym";
				ENABLE_NS_ASSERTIONS = NO;
				ENABLE_STRICT_OBJC_MSGSEND = YES;
				GCC_C_LANGUAGE_STANDARD = gnu99;
				GCC_NO_COMMON_BLOCKS = YES;
				GCC_WARN_64_TO_32_BIT_CONVERSION = YES;
				GCC_WARN_ABOUT_RETURN_TYPE = YES_ERROR;
				GCC_WARN_UNDECLARED_SELECTOR = YES;
				GCC_WARN_UNINITIALIZED_AUTOS = YES_AGGRESSIVE;
				GCC_WARN_UNUSED_FUNCTION = YES;
				GCC_WARN_UNUSED_VARIABLE = YES;
				IPHONEOS_DEPLOYMENT_TARGET = 10.3;
				MTL_ENABLE_DEBUG_INFO = NO;
				SDKROOT = iphoneos;
				SWIFT_OPTIMIZATION_LEVEL = "-Owholemodule";
				TARGETED_DEVICE_FAMILY = "1,2";
				VALIDATE_PRODUCT = YES;
			};
			name = Release;
		};
		9CC2EAAB1F23CD3000ED92FA /* Debug */ = {
			isa = XCBuildConfiguration;
			baseConfigurationReference = 99C9F7246F6ECBDAB1BB36DE /* Pods-AnimeApp.debug.xcconfig */;
			buildSettings = {
				ASSETCATALOG_COMPILER_APPICON_NAME = AppIcon;
				DEVELOPMENT_TEAM = H9SZPBU2NR;
				INFOPLIST_FILE = AnimeApp/Info.plist;
				LD_RUNPATH_SEARCH_PATHS = "$(inherited) @executable_path/Frameworks";
				PRODUCT_BUNDLE_IDENTIFIER = toniohdez.AnimeApp;
				PRODUCT_NAME = "$(TARGET_NAME)";
				SWIFT_VERSION = 3.0;
			};
			name = Debug;
		};
		9CC2EAAC1F23CD3000ED92FA /* Release */ = {
			isa = XCBuildConfiguration;
			baseConfigurationReference = 6BEAA7F4D3F9C0E26F5D8925 /* Pods-AnimeApp.release.xcconfig */;
			buildSettings = {
				ASSETCATALOG_COMPILER_APPICON_NAME = AppIcon;
				DEVELOPMENT_TEAM = H9SZPBU2NR;
				INFOPLIST_FILE = AnimeApp/Info.plist;
				LD_RUNPATH_SEARCH_PATHS = "$(inherited) @executable_path/Frameworks";
				PRODUCT_BUNDLE_IDENTIFIER = toniohdez.AnimeApp;
				PRODUCT_NAME = "$(TARGET_NAME)";
				SWIFT_VERSION = 3.0;
			};
			name = Release;
		};
		9CC2EAAE1F23CD3000ED92FA /* Debug */ = {
			isa = XCBuildConfiguration;
			baseConfigurationReference = 24298751F06BF739AC7F5522 /* Pods-AnimeAppTests.debug.xcconfig */;
			buildSettings = {
				ALWAYS_EMBED_SWIFT_STANDARD_LIBRARIES = YES;
				BUNDLE_LOADER = "$(TEST_HOST)";
				DEVELOPMENT_TEAM = H9SZPBU2NR;
				INFOPLIST_FILE = AnimeAppTests/Info.plist;
				LD_RUNPATH_SEARCH_PATHS = "$(inherited) @executable_path/Frameworks @loader_path/Frameworks";
				PRODUCT_BUNDLE_IDENTIFIER = toniohdez.AnimeAppTests;
				PRODUCT_NAME = "$(TARGET_NAME)";
				SWIFT_VERSION = 3.0;
				TEST_HOST = "$(BUILT_PRODUCTS_DIR)/AnimeApp.app/AnimeApp";
			};
			name = Debug;
		};
		9CC2EAAF1F23CD3000ED92FA /* Release */ = {
			isa = XCBuildConfiguration;
			baseConfigurationReference = 62D10BC5C35D99666EF88129 /* Pods-AnimeAppTests.release.xcconfig */;
			buildSettings = {
				ALWAYS_EMBED_SWIFT_STANDARD_LIBRARIES = YES;
				BUNDLE_LOADER = "$(TEST_HOST)";
				DEVELOPMENT_TEAM = H9SZPBU2NR;
				INFOPLIST_FILE = AnimeAppTests/Info.plist;
				LD_RUNPATH_SEARCH_PATHS = "$(inherited) @executable_path/Frameworks @loader_path/Frameworks";
				PRODUCT_BUNDLE_IDENTIFIER = toniohdez.AnimeAppTests;
				PRODUCT_NAME = "$(TARGET_NAME)";
				SWIFT_VERSION = 3.0;
				TEST_HOST = "$(BUILT_PRODUCTS_DIR)/AnimeApp.app/AnimeApp";
			};
			name = Release;
		};
		9CC2EAB11F23CD3000ED92FA /* Debug */ = {
			isa = XCBuildConfiguration;
			baseConfigurationReference = 48968A59014EF450AB796304 /* Pods-AnimeAppUITests.debug.xcconfig */;
			buildSettings = {
				ALWAYS_EMBED_SWIFT_STANDARD_LIBRARIES = YES;
				DEVELOPMENT_TEAM = H9SZPBU2NR;
				INFOPLIST_FILE = AnimeAppUITests/Info.plist;
				LD_RUNPATH_SEARCH_PATHS = "$(inherited) @executable_path/Frameworks @loader_path/Frameworks";
				PRODUCT_BUNDLE_IDENTIFIER = toniohdez.AnimeAppUITests;
				PRODUCT_NAME = "$(TARGET_NAME)";
				SWIFT_VERSION = 3.0;
				TEST_TARGET_NAME = AnimeApp;
			};
			name = Debug;
		};
		9CC2EAB21F23CD3000ED92FA /* Release */ = {
			isa = XCBuildConfiguration;
			baseConfigurationReference = 7D8112C8862C899D7FB3347B /* Pods-AnimeAppUITests.release.xcconfig */;
			buildSettings = {
				ALWAYS_EMBED_SWIFT_STANDARD_LIBRARIES = YES;
				DEVELOPMENT_TEAM = H9SZPBU2NR;
				INFOPLIST_FILE = AnimeAppUITests/Info.plist;
				LD_RUNPATH_SEARCH_PATHS = "$(inherited) @executable_path/Frameworks @loader_path/Frameworks";
				PRODUCT_BUNDLE_IDENTIFIER = toniohdez.AnimeAppUITests;
				PRODUCT_NAME = "$(TARGET_NAME)";
				SWIFT_VERSION = 3.0;
				TEST_TARGET_NAME = AnimeApp;
			};
			name = Release;
		};
/* End XCBuildConfiguration section */

/* Begin XCConfigurationList section */
		9CC2EA7D1F23CD2F00ED92FA /* Build configuration list for PBXProject "AnimeApp" */ = {
			isa = XCConfigurationList;
			buildConfigurations = (
				9CC2EAA81F23CD3000ED92FA /* Debug */,
				9CC2EAA91F23CD3000ED92FA /* Release */,
			);
			defaultConfigurationIsVisible = 0;
			defaultConfigurationName = Release;
		};
		9CC2EAAA1F23CD3000ED92FA /* Build configuration list for PBXNativeTarget "AnimeApp" */ = {
			isa = XCConfigurationList;
			buildConfigurations = (
				9CC2EAAB1F23CD3000ED92FA /* Debug */,
				9CC2EAAC1F23CD3000ED92FA /* Release */,
			);
			defaultConfigurationIsVisible = 0;
			defaultConfigurationName = Release;
		};
		9CC2EAAD1F23CD3000ED92FA /* Build configuration list for PBXNativeTarget "AnimeAppTests" */ = {
			isa = XCConfigurationList;
			buildConfigurations = (
				9CC2EAAE1F23CD3000ED92FA /* Debug */,
				9CC2EAAF1F23CD3000ED92FA /* Release */,
			);
			defaultConfigurationIsVisible = 0;
			defaultConfigurationName = Release;
		};
		9CC2EAB01F23CD3000ED92FA /* Build configuration list for PBXNativeTarget "AnimeAppUITests" */ = {
			isa = XCConfigurationList;
			buildConfigurations = (
				9CC2EAB11F23CD3000ED92FA /* Debug */,
				9CC2EAB21F23CD3000ED92FA /* Release */,
			);
			defaultConfigurationIsVisible = 0;
			defaultConfigurationName = Release;
		};
/* End XCConfigurationList section */
	};
	rootObject = 9CC2EA7A1F23CD2F00ED92FA /* Project object */;
}
